
Microsoft Visual Studio Solution File, Format Version 12.00
# Visual Studio Version 16
VisualStudioVersion = 16.0.32002.261
MinimumVisualStudioVersion = 10.0.40219.1
Project("{FAE04EC0-301F-11D3-BF4B-00C04F79EFBC}") = "TecWeb.WebApp", "TecWeb.WebApp\TecWeb.WebApp.csproj", "{4D970FDF-B50B-4349-921A-909AC9680DD8}"
EndProject
Global
	GlobalSection(SolutionConfigurationPlatforms) = preSolution
		Debug|Any CPU = Debug|Any CPU
		Release|Any CPU = Release|Any CPU
	EndGlobalSection
	GlobalSection(ProjectConfigurationPlatforms) = postSolution
		{4D970FDF-B50B-4349-921A-909AC9680DD8}.Debug|Any CPU.ActiveCfg = Debug|Any CPU
		{4D970FDF-B50B-4349-921A-909AC9680DD8}.Debug|Any CPU.Build.0 = Debug|Any CPU
		{4D970FDF-B50B-4349-921A-909AC9680DD8}.Release|Any CPU.ActiveCfg = Release|Any CPU
		{4D970FDF-B50B-4349-921A-909AC9680DD8}.Release|Any CPU.Build.0 = Release|Any CPU
	EndGlobalSection
	GlobalSection(SolutionProperties) = preSolution
		HideSolutionNode = FALSE
	EndGlobalSection
	GlobalSection(ExtensibilityGlobals) = postSolution
		SolutionGuid = {1046354C-21BE-43C8-B268-CDBCF41C96F7}
	EndGlobalSection
EndGlobal
